// !$*UTF8*$!
{
	archiveVersion = 1;
	classes = {
	};
	objectVersion = 54;
	objects = {

/* Begin PBXBuildFile section */
		190904FA2A8D682400166346 /* NetworkMonitoringServiceProtocol.swift in Sources */ = {isa = PBXBuildFile; fileRef = 190904F92A8D682400166346 /* NetworkMonitoringServiceProtocol.swift */; };
		190904FC2A8D683700166346 /* NetworkMonitoringService.swift in Sources */ = {isa = PBXBuildFile; fileRef = 190904FB2A8D683700166346 /* NetworkMonitoringService.swift */; };
		19094C4C2A7F8BA0000979A3 /* AppAssembly.swift in Sources */ = {isa = PBXBuildFile; fileRef = 19094C4B2A7F8BA0000979A3 /* AppAssembly.swift */; };
		19094C532A7F8FC4000979A3 /* AppDependencies.swift in Sources */ = {isa = PBXBuildFile; fileRef = 19094C522A7F8FC4000979A3 /* AppDependencies.swift */; };
		19094C652A7FBF7D000979A3 /* AppCoordinator.swift in Sources */ = {isa = PBXBuildFile; fileRef = 19094C642A7FBF7D000979A3 /* AppCoordinator.swift */; };
		19094C672A7FC3C7000979A3 /* AppAssemblyProtocol.swift in Sources */ = {isa = PBXBuildFile; fileRef = 19094C662A7FC3C7000979A3 /* AppAssemblyProtocol.swift */; };
		19094C702A7FD779000979A3 /* Data+.swift in Sources */ = {isa = PBXBuildFile; fileRef = 19094C6F2A7FD779000979A3 /* Data+.swift */; };
		1975DBAE2AAF55570029621B /* TokenProvider.swift in Sources */ = {isa = PBXBuildFile; fileRef = 1975DBAD2AAF55570029621B /* TokenProvider.swift */; };
		19ACF6CA2A82C84100C52B05 /* AppDelegateManager.swift in Sources */ = {isa = PBXBuildFile; fileRef = 19ACF6C92A82C84100C52B05 /* AppDelegateManager.swift */; };
		19ACF6CC2A82C93F00C52B05 /* AppDelegateService.swift in Sources */ = {isa = PBXBuildFile; fileRef = 19ACF6CB2A82C93F00C52B05 /* AppDelegateService.swift */; };
		19ACF6D12A83623000C52B05 /* AppDelegateConfigureService.swift in Sources */ = {isa = PBXBuildFile; fileRef = 19ACF6D02A83623000C52B05 /* AppDelegateConfigureService.swift */; };
		19C7A51B280DECD0005000EB /* AppDelegate.swift in Sources */ = {isa = PBXBuildFile; fileRef = 19C7A51A280DECD0005000EB /* AppDelegate.swift */; };
		19C7A524280DECD3005000EB /* Assets.xcassets in Resources */ = {isa = PBXBuildFile; fileRef = 19C7A523280DECD3005000EB /* Assets.xcassets */; };
		19C7A527280DECD3005000EB /* LaunchScreen.storyboard in Resources */ = {isa = PBXBuildFile; fileRef = 19C7A525280DECD3005000EB /* LaunchScreen.storyboard */; };
		19CFB1F22AB38C370067E4AC /* Features in Frameworks */ = {isa = PBXBuildFile; productRef = 19CFB1F12AB38C370067E4AC /* Features */; };
		19EB70B5292E850C00DB8F21 /* AppSettings.plist in Resources */ = {isa = PBXBuildFile; fileRef = 19EB70B4292E850C00DB8F21 /* AppSettings.plist */; };
/* End PBXBuildFile section */

/* Begin PBXCopyFilesBuildPhase section */
		199498392A7DAE3400AA8EAE /* Embed Frameworks */ = {
			isa = PBXCopyFilesBuildPhase;
			buildActionMask = 2147483647;
			dstPath = "";
			dstSubfolderSpec = 10;
			files = (
			);
			name = "Embed Frameworks";
			runOnlyForDeploymentPostprocessing = 0;
		};
/* End PBXCopyFilesBuildPhase section */

/* Begin PBXFileReference section */
		190904F92A8D682400166346 /* NetworkMonitoringServiceProtocol.swift */ = {isa = PBXFileReference; lastKnownFileType = sourcecode.swift; path = NetworkMonitoringServiceProtocol.swift; sourceTree = "<group>"; };
		190904FB2A8D683700166346 /* NetworkMonitoringService.swift */ = {isa = PBXFileReference; lastKnownFileType = sourcecode.swift; path = NetworkMonitoringService.swift; sourceTree = "<group>"; };
		19094C1D2A7E360B000979A3 /* UIComponents */ = {isa = PBXFileReference; lastKnownFileType = wrapper; path = UIComponents; sourceTree = "<group>"; };
		19094C1E2A7E3639000979A3 /* FeatureLoading */ = {isa = PBXFileReference; lastKnownFileType = wrapper; path = FeatureLoading; sourceTree = "<group>"; };
		19094C4B2A7F8BA0000979A3 /* AppAssembly.swift */ = {isa = PBXFileReference; lastKnownFileType = sourcecode.swift; path = AppAssembly.swift; sourceTree = "<group>"; };
		19094C522A7F8FC4000979A3 /* AppDependencies.swift */ = {isa = PBXFileReference; lastKnownFileType = sourcecode.swift; path = AppDependencies.swift; sourceTree = "<group>"; };
		19094C642A7FBF7D000979A3 /* AppCoordinator.swift */ = {isa = PBXFileReference; lastKnownFileType = sourcecode.swift; path = AppCoordinator.swift; sourceTree = "<group>"; };
		19094C662A7FC3C7000979A3 /* AppAssemblyProtocol.swift */ = {isa = PBXFileReference; lastKnownFileType = sourcecode.swift; path = AppAssemblyProtocol.swift; sourceTree = "<group>"; };
		19094C6A2A7FCF6B000979A3 /* Info.plist */ = {isa = PBXFileReference; fileEncoding = 4; lastKnownFileType = text.plist.xml; path = Info.plist; sourceTree = "<group>"; };
		19094C6F2A7FD779000979A3 /* Data+.swift */ = {isa = PBXFileReference; lastKnownFileType = sourcecode.swift; path = "Data+.swift"; sourceTree = "<group>"; };
		191E2BB52AB3013A00E460A7 /* Roles */ = {isa = PBXFileReference; lastKnownFileType = text; path = Roles; sourceTree = "<group>"; };
		191E2BC12AB3891D00E460A7 /* TabBarController */ = {isa = PBXFileReference; lastKnownFileType = wrapper; path = TabBarController; sourceTree = "<group>"; };
		191E2BC22AB3894300E460A7 /* TabBarWithMenuController */ = {isa = PBXFileReference; lastKnownFileType = wrapper; path = TabBarWithMenuController; sourceTree = "<group>"; };
		192190632A753FFA0009835C /* Doc.md */ = {isa = PBXFileReference; lastKnownFileType = net.daringfireball.markdown; path = Doc.md; sourceTree = "<group>"; };
		19307A7D2A7DA29D000569E6 /* Doc.md */ = {isa = PBXFileReference; lastKnownFileType = net.daringfireball.markdown; path = Doc.md; sourceTree = "<group>"; };
		195629A02842A63C00C8A704 /* Contributors */ = {isa = PBXFileReference; lastKnownFileType = text; path = Contributors; sourceTree = "<group>"; };
		1975DBAD2AAF55570029621B /* TokenProvider.swift */ = {isa = PBXFileReference; lastKnownFileType = sourcecode.swift; path = TokenProvider.swift; sourceTree = "<group>"; };
		19A2908F2A8FBACE00D7CCD1 /* Features */ = {isa = PBXFileReference; lastKnownFileType = wrapper; path = Features; sourceTree = "<group>"; };
		19A290902A8FCA1F00D7CCD1 /* Coordinating */ = {isa = PBXFileReference; lastKnownFileType = wrapper; path = Coordinating; sourceTree = "<group>"; };
		19A290952A8FF93400D7CCD1 /* Networking */ = {isa = PBXFileReference; lastKnownFileType = wrapper; path = Networking; sourceTree = "<group>"; };
		19A290962A8FFDA600D7CCD1 /* HowToUse */ = {isa = PBXFileReference; lastKnownFileType = text; path = HowToUse; sourceTree = "<group>"; };
		19A290992A90136300D7CCD1 /* Authorization */ = {isa = PBXFileReference; lastKnownFileType = wrapper; path = Authorization; sourceTree = "<group>"; };
		19ACF6C92A82C84100C52B05 /* AppDelegateManager.swift */ = {isa = PBXFileReference; lastKnownFileType = sourcecode.swift; path = AppDelegateManager.swift; sourceTree = "<group>"; };
		19ACF6CB2A82C93F00C52B05 /* AppDelegateService.swift */ = {isa = PBXFileReference; lastKnownFileType = sourcecode.swift; path = AppDelegateService.swift; sourceTree = "<group>"; };
		19ACF6D02A83623000C52B05 /* AppDelegateConfigureService.swift */ = {isa = PBXFileReference; lastKnownFileType = sourcecode.swift; path = AppDelegateConfigureService.swift; sourceTree = "<group>"; };
		19C7A517280DECD0005000EB /* fmh.app */ = {isa = PBXFileReference; explicitFileType = wrapper.application; includeInIndex = 0; path = fmh.app; sourceTree = BUILT_PRODUCTS_DIR; };
		19C7A51A280DECD0005000EB /* AppDelegate.swift */ = {isa = PBXFileReference; lastKnownFileType = sourcecode.swift; path = AppDelegate.swift; sourceTree = "<group>"; };
		19C7A523280DECD3005000EB /* Assets.xcassets */ = {isa = PBXFileReference; lastKnownFileType = folder.assetcatalog; path = Assets.xcassets; sourceTree = "<group>"; };
		19C7A526280DECD3005000EB /* Base */ = {isa = PBXFileReference; lastKnownFileType = file.storyboard; name = Base; path = Base.lproj/LaunchScreen.storyboard; sourceTree = "<group>"; };
		19C7A52E280DED24005000EB /* ProjectDiscription */ = {isa = PBXFileReference; lastKnownFileType = text; path = ProjectDiscription; sourceTree = "<group>"; };
		19C7A530280DED3B005000EB /* Guidelines */ = {isa = PBXFileReference; lastKnownFileType = text; path = Guidelines; sourceTree = "<group>"; };
		19CFB1F32AB391110067E4AC /* Home */ = {isa = PBXFileReference; lastKnownFileType = wrapper; path = Home; sourceTree = "<group>"; };
		19CFB1F42AB4CEF30067E4AC /* More */ = {isa = PBXFileReference; lastKnownFileType = wrapper; path = More; sourceTree = "<group>"; };
		19EB70AD292E820800DB8F21 /* README.md */ = {isa = PBXFileReference; fileEncoding = 4; lastKnownFileType = net.daringfireball.markdown; path = README.md; sourceTree = "<group>"; };
		19EB70AF292E821700DB8F21 /* LICENSE */ = {isa = PBXFileReference; fileEncoding = 4; lastKnownFileType = text; path = LICENSE; sourceTree = "<group>"; };
		19EB70B4292E850C00DB8F21 /* AppSettings.plist */ = {isa = PBXFileReference; fileEncoding = 4; lastKnownFileType = text.plist.xml; path = AppSettings.plist; sourceTree = "<group>"; };
/* End PBXFileReference section */

/* Begin PBXFrameworksBuildPhase section */
		19C7A514280DECD0005000EB /* Frameworks */ = {
			isa = PBXFrameworksBuildPhase;
			buildActionMask = 2147483647;
			files = (
				19CFB1F22AB38C370067E4AC /* Features in Frameworks */,
			);
			runOnlyForDeploymentPostprocessing = 0;
		};
/* End PBXFrameworksBuildPhase section */

/* Begin PBXGroup section */
		190904F82A8D680800166346 /* Services */ = {
			isa = PBXGroup;
			children = (
				190904FD2A8D683E00166346 /* NetworkMonitoringService */,
			);
			path = Services;
			sourceTree = "<group>";
		};
		190904FD2A8D683E00166346 /* NetworkMonitoringService */ = {
			isa = PBXGroup;
			children = (
				190904F92A8D682400166346 /* NetworkMonitoringServiceProtocol.swift */,
				190904FB2A8D683700166346 /* NetworkMonitoringService.swift */,
			);
			path = NetworkMonitoringService;
			sourceTree = "<group>";
		};
		19094C592A7FB2E0000979A3 /* Common */ = {
			isa = PBXGroup;
			children = (
				19094C6E2A7FD76D000979A3 /* Extensions */,
			);
			path = Common;
			sourceTree = "<group>";
		};
		19094C6D2A7FD0B7000979A3 /* BusinessLogic */ = {
			isa = PBXGroup;
			children = (
			);
			path = BusinessLogic;
			sourceTree = "<group>";
		};
		19094C6E2A7FD76D000979A3 /* Extensions */ = {
			isa = PBXGroup;
			children = (
				19094C6F2A7FD779000979A3 /* Data+.swift */,
			);
			path = Extensions;
			sourceTree = "<group>";
		};
		19094C7C2A80249C000979A3 /* Frameworks */ = {
			isa = PBXGroup;
			children = (
			);
			name = Frameworks;
			sourceTree = "<group>";
		};
		192190042A7518A10009835C /* Foundation */ = {
			isa = PBXGroup;
			children = (
				19307A7D2A7DA29D000569E6 /* Doc.md */,
				19A290952A8FF93400D7CCD1 /* Networking */,
				19A290902A8FCA1F00D7CCD1 /* Coordinating */,
				19094C1D2A7E360B000979A3 /* UIComponents */,
			);
			path = Foundation;
			sourceTree = "<group>";
		};
		192190052A7518B20009835C /* Features */ = {
			isa = PBXGroup;
			children = (
				19CFB1F42AB4CEF30067E4AC /* More */,
				192190632A753FFA0009835C /* Doc.md */,
				19A290962A8FFDA600D7CCD1 /* HowToUse */,
				19A2908F2A8FBACE00D7CCD1 /* Features */,
				19A290992A90136300D7CCD1 /* Authorization */,
				19094C1E2A7E3639000979A3 /* FeatureLoading */,
				191E2BC22AB3894300E460A7 /* TabBarWithMenuController */,
				191E2BC12AB3891D00E460A7 /* TabBarController */,
				19CFB1F32AB391110067E4AC /* Home */,
			);
			path = Features;
			sourceTree = "<group>";
		};
		192190062A7518E40009835C /* Doc */ = {
			isa = PBXGroup;
			children = (
				19EB70AF292E821700DB8F21 /* LICENSE */,
				195629A02842A63C00C8A704 /* Contributors */,
				19C7A530280DED3B005000EB /* Guidelines */,
				19C7A52E280DED24005000EB /* ProjectDiscription */,
				191E2BB52AB3013A00E460A7 /* Roles */,
			);
			path = Doc;
			sourceTree = "<group>";
		};
		193079F02A76742B000569E6 /* Assembly */ = {
			isa = PBXGroup;
			children = (
				19094C522A7F8FC4000979A3 /* AppDependencies.swift */,
				19094C662A7FC3C7000979A3 /* AppAssemblyProtocol.swift */,
				19094C4B2A7F8BA0000979A3 /* AppAssembly.swift */,
			);
			path = Assembly;
			sourceTree = "<group>";
		};
		1975DBAF2AAF6FA10029621B /* Providers */ = {
			isa = PBXGroup;
			children = (
				1975DBAD2AAF55570029621B /* TokenProvider.swift */,
			);
			path = Providers;
			sourceTree = "<group>";
		};
		1975DBB32AAF90C10029621B /* Common */ = {
			isa = PBXGroup;
			children = (
			);
			path = Common;
			sourceTree = "<group>";
		};
		19ACF6C72A82C7A000C52B05 /* AppDelegateManager */ = {
			isa = PBXGroup;
			children = (
				19ACF6C92A82C84100C52B05 /* AppDelegateManager.swift */,
				19ACF6C82A82C7F500C52B05 /* AppDelegateServices */,
				190904F82A8D680800166346 /* Services */,
			);
			path = AppDelegateManager;
			sourceTree = "<group>";
		};
		19ACF6C82A82C7F500C52B05 /* AppDelegateServices */ = {
			isa = PBXGroup;
			children = (
				19ACF6CB2A82C93F00C52B05 /* AppDelegateService.swift */,
				19ACF6D02A83623000C52B05 /* AppDelegateConfigureService.swift */,
			);
			path = AppDelegateServices;
			sourceTree = "<group>";
		};
		19C7A50E280DECD0005000EB = {
			isa = PBXGroup;
			children = (
				19EB70AD292E820800DB8F21 /* README.md */,
				192190062A7518E40009835C /* Doc */,
				192190052A7518B20009835C /* Features */,
				192190042A7518A10009835C /* Foundation */,
				19C7A519280DECD0005000EB /* fmh */,
				19C7A518280DECD0005000EB /* Products */,
				19094C7C2A80249C000979A3 /* Frameworks */,
			);
			sourceTree = "<group>";
		};
		19C7A518280DECD0005000EB /* Products */ = {
			isa = PBXGroup;
			children = (
				19C7A517280DECD0005000EB /* fmh.app */,
			);
			name = Products;
			sourceTree = "<group>";
		};
		19C7A519280DECD0005000EB /* fmh */ = {
			isa = PBXGroup;
			children = (
				19094C592A7FB2E0000979A3 /* Common */,
				19094C6D2A7FD0B7000979A3 /* BusinessLogic */,
				19C7A538280DED98005000EB /* Application */,
				19C7A539280DF263005000EB /* Resources */,
			);
			path = fmh;
			sourceTree = "<group>";
		};
		19C7A538280DED98005000EB /* Application */ = {
			isa = PBXGroup;
			children = (
				1975DBB32AAF90C10029621B /* Common */,
				1975DBAF2AAF6FA10029621B /* Providers */,
				19ACF6C72A82C7A000C52B05 /* AppDelegateManager */,
				19C7A51A280DECD0005000EB /* AppDelegate.swift */,
				19094C642A7FBF7D000979A3 /* AppCoordinator.swift */,
				19C7A525280DECD3005000EB /* LaunchScreen.storyboard */,
				193079F02A76742B000569E6 /* Assembly */,
			);
			path = Application;
			sourceTree = "<group>";
		};
		19C7A539280DF263005000EB /* Resources */ = {
			isa = PBXGroup;
			children = (
				19094C6A2A7FCF6B000979A3 /* Info.plist */,
				19EB70B4292E850C00DB8F21 /* AppSettings.plist */,
				19C7A523280DECD3005000EB /* Assets.xcassets */,
			);
			path = Resources;
			sourceTree = "<group>";
		};
/* End PBXGroup section */

/* Begin PBXNativeTarget section */
		19C7A516280DECD0005000EB /* fmh */ = {
			isa = PBXNativeTarget;
			buildConfigurationList = 19C7A52B280DECD3005000EB /* Build configuration list for PBXNativeTarget "fmh" */;
			buildPhases = (
				19C7A513280DECD0005000EB /* Sources */,
				19C7A514280DECD0005000EB /* Frameworks */,
				19C7A515280DECD0005000EB /* Resources */,
				199498392A7DAE3400AA8EAE /* Embed Frameworks */,
			);
			buildRules = (
			);
			dependencies = (
			);
			name = fmh;
			packageProductDependencies = (
				19CFB1F12AB38C370067E4AC /* Features */,
			);
			productName = fmh;
			productReference = 19C7A517280DECD0005000EB /* fmh.app */;
			productType = "com.apple.product-type.application";
		};
/* End PBXNativeTarget section */

/* Begin PBXProject section */
		19C7A50F280DECD0005000EB /* Project object */ = {
			isa = PBXProject;
			attributes = {
				BuildIndependentTargetsInParallel = 1;
				LastSwiftUpdateCheck = 1330;
				LastUpgradeCheck = 1330;
				TargetAttributes = {
					19C7A516280DECD0005000EB = {
						CreatedOnToolsVersion = 13.3;
					};
				};
			};
			buildConfigurationList = 19C7A512280DECD0005000EB /* Build configuration list for PBXProject "fmh" */;
			compatibilityVersion = "Xcode 12.0";
			developmentRegion = en;
			hasScannedForEncodings = 0;
			knownRegions = (
				en,
				Base,
			);
			mainGroup = 19C7A50E280DECD0005000EB;
			packageReferences = (
			);
			productRefGroup = 19C7A518280DECD0005000EB /* Products */;
			projectDirPath = "";
			projectRoot = "";
			targets = (
				19C7A516280DECD0005000EB /* fmh */,
			);
		};
/* End PBXProject section */

/* Begin PBXResourcesBuildPhase section */
		19C7A515280DECD0005000EB /* Resources */ = {
			isa = PBXResourcesBuildPhase;
			buildActionMask = 2147483647;
			files = (
				19C7A527280DECD3005000EB /* LaunchScreen.storyboard in Resources */,
				19EB70B5292E850C00DB8F21 /* AppSettings.plist in Resources */,
				19C7A524280DECD3005000EB /* Assets.xcassets in Resources */,
			);
			runOnlyForDeploymentPostprocessing = 0;
		};
/* End PBXResourcesBuildPhase section */

/* Begin PBXSourcesBuildPhase section */
		19C7A513280DECD0005000EB /* Sources */ = {
			isa = PBXSourcesBuildPhase;
			buildActionMask = 2147483647;
			files = (
				19ACF6D12A83623000C52B05 /* AppDelegateConfigureService.swift in Sources */,
				19094C4C2A7F8BA0000979A3 /* AppAssembly.swift in Sources */,
				19ACF6CA2A82C84100C52B05 /* AppDelegateManager.swift in Sources */,
				19C7A51B280DECD0005000EB /* AppDelegate.swift in Sources */,
				190904FC2A8D683700166346 /* NetworkMonitoringService.swift in Sources */,
				190904FA2A8D682400166346 /* NetworkMonitoringServiceProtocol.swift in Sources */,
				19094C672A7FC3C7000979A3 /* AppAssemblyProtocol.swift in Sources */,
				19ACF6CC2A82C93F00C52B05 /* AppDelegateService.swift in Sources */,
				19094C652A7FBF7D000979A3 /* AppCoordinator.swift in Sources */,
				19094C702A7FD779000979A3 /* Data+.swift in Sources */,
				1975DBAE2AAF55570029621B /* TokenProvider.swift in Sources */,
				19094C532A7F8FC4000979A3 /* AppDependencies.swift in Sources */,
			);
			runOnlyForDeploymentPostprocessing = 0;
		};
/* End PBXSourcesBuildPhase section */

/* Begin PBXVariantGroup section */
		19C7A525280DECD3005000EB /* LaunchScreen.storyboard */ = {
			isa = PBXVariantGroup;
			children = (
				19C7A526280DECD3005000EB /* Base */,
			);
			name = LaunchScreen.storyboard;
			sourceTree = "<group>";
		};
/* End PBXVariantGroup section */

/* Begin XCBuildConfiguration section */
		19C7A529280DECD3005000EB /* Debug */ = {
			isa = XCBuildConfiguration;
			buildSettings = {
				ALWAYS_SEARCH_USER_PATHS = NO;
				CLANG_ANALYZER_NONNULL = YES;
				CLANG_ANALYZER_NUMBER_OBJECT_CONVERSION = YES_AGGRESSIVE;
				CLANG_CXX_LANGUAGE_STANDARD = "gnu++17";
				CLANG_ENABLE_MODULES = YES;
				CLANG_ENABLE_OBJC_ARC = YES;
				CLANG_ENABLE_OBJC_WEAK = YES;
				CLANG_WARN_BLOCK_CAPTURE_AUTORELEASING = YES;
				CLANG_WARN_BOOL_CONVERSION = YES;
				CLANG_WARN_COMMA = YES;
				CLANG_WARN_CONSTANT_CONVERSION = YES;
				CLANG_WARN_DEPRECATED_OBJC_IMPLEMENTATIONS = YES;
				CLANG_WARN_DIRECT_OBJC_ISA_USAGE = YES_ERROR;
				CLANG_WARN_DOCUMENTATION_COMMENTS = YES;
				CLANG_WARN_EMPTY_BODY = YES;
				CLANG_WARN_ENUM_CONVERSION = YES;
				CLANG_WARN_INFINITE_RECURSION = YES;
				CLANG_WARN_INT_CONVERSION = YES;
				CLANG_WARN_NON_LITERAL_NULL_CONVERSION = YES;
				CLANG_WARN_OBJC_IMPLICIT_RETAIN_SELF = YES;
				CLANG_WARN_OBJC_LITERAL_CONVERSION = YES;
				CLANG_WARN_OBJC_ROOT_CLASS = YES_ERROR;
				CLANG_WARN_QUOTED_INCLUDE_IN_FRAMEWORK_HEADER = YES;
				CLANG_WARN_RANGE_LOOP_ANALYSIS = YES;
				CLANG_WARN_STRICT_PROTOTYPES = YES;
				CLANG_WARN_SUSPICIOUS_MOVE = YES;
				CLANG_WARN_UNGUARDED_AVAILABILITY = YES_AGGRESSIVE;
				CLANG_WARN_UNREACHABLE_CODE = YES;
				CLANG_WARN__DUPLICATE_METHOD_MATCH = YES;
				COPY_PHASE_STRIP = NO;
				DEBUG_INFORMATION_FORMAT = dwarf;
				ENABLE_STRICT_OBJC_MSGSEND = YES;
				ENABLE_TESTABILITY = YES;
				GCC_C_LANGUAGE_STANDARD = gnu11;
				GCC_DYNAMIC_NO_PIC = NO;
				GCC_NO_COMMON_BLOCKS = YES;
				GCC_OPTIMIZATION_LEVEL = 0;
				GCC_PREPROCESSOR_DEFINITIONS = (
					"DEBUG=1",
					"$(inherited)",
				);
				GCC_WARN_64_TO_32_BIT_CONVERSION = YES;
				GCC_WARN_ABOUT_RETURN_TYPE = YES_ERROR;
				GCC_WARN_UNDECLARED_SELECTOR = YES;
				GCC_WARN_UNINITIALIZED_AUTOS = YES_AGGRESSIVE;
				GCC_WARN_UNUSED_FUNCTION = YES;
				GCC_WARN_UNUSED_VARIABLE = YES;
				IPHONEOS_DEPLOYMENT_TARGET = 13.0;
				MTL_ENABLE_DEBUG_INFO = INCLUDE_SOURCE;
				MTL_FAST_MATH = YES;
				ONLY_ACTIVE_ARCH = YES;
				SDKROOT = iphoneos;
				SWIFT_ACTIVE_COMPILATION_CONDITIONS = DEBUG;
				SWIFT_OPTIMIZATION_LEVEL = "-Onone";
			};
			name = Debug;
		};
		19C7A52A280DECD3005000EB /* Release */ = {
			isa = XCBuildConfiguration;
			buildSettings = {
				ALWAYS_SEARCH_USER_PATHS = NO;
				CLANG_ANALYZER_NONNULL = YES;
				CLANG_ANALYZER_NUMBER_OBJECT_CONVERSION = YES_AGGRESSIVE;
				CLANG_CXX_LANGUAGE_STANDARD = "gnu++17";
				CLANG_ENABLE_MODULES = YES;
				CLANG_ENABLE_OBJC_ARC = YES;
				CLANG_ENABLE_OBJC_WEAK = YES;
				CLANG_WARN_BLOCK_CAPTURE_AUTORELEASING = YES;
				CLANG_WARN_BOOL_CONVERSION = YES;
				CLANG_WARN_COMMA = YES;
				CLANG_WARN_CONSTANT_CONVERSION = YES;
				CLANG_WARN_DEPRECATED_OBJC_IMPLEMENTATIONS = YES;
				CLANG_WARN_DIRECT_OBJC_ISA_USAGE = YES_ERROR;
				CLANG_WARN_DOCUMENTATION_COMMENTS = YES;
				CLANG_WARN_EMPTY_BODY = YES;
				CLANG_WARN_ENUM_CONVERSION = YES;
				CLANG_WARN_INFINITE_RECURSION = YES;
				CLANG_WARN_INT_CONVERSION = YES;
				CLANG_WARN_NON_LITERAL_NULL_CONVERSION = YES;
				CLANG_WARN_OBJC_IMPLICIT_RETAIN_SELF = YES;
				CLANG_WARN_OBJC_LITERAL_CONVERSION = YES;
				CLANG_WARN_OBJC_ROOT_CLASS = YES_ERROR;
				CLANG_WARN_QUOTED_INCLUDE_IN_FRAMEWORK_HEADER = YES;
				CLANG_WARN_RANGE_LOOP_ANALYSIS = YES;
				CLANG_WARN_STRICT_PROTOTYPES = YES;
				CLANG_WARN_SUSPICIOUS_MOVE = YES;
				CLANG_WARN_UNGUARDED_AVAILABILITY = YES_AGGRESSIVE;
				CLANG_WARN_UNREACHABLE_CODE = YES;
				CLANG_WARN__DUPLICATE_METHOD_MATCH = YES;
				COPY_PHASE_STRIP = NO;
				DEBUG_INFORMATION_FORMAT = "dwarf-with-dsym";
				ENABLE_NS_ASSERTIONS = NO;
				ENABLE_STRICT_OBJC_MSGSEND = YES;
				GCC_C_LANGUAGE_STANDARD = gnu11;
				GCC_NO_COMMON_BLOCKS = YES;
				GCC_WARN_64_TO_32_BIT_CONVERSION = YES;
				GCC_WARN_ABOUT_RETURN_TYPE = YES_ERROR;
				GCC_WARN_UNDECLARED_SELECTOR = YES;
				GCC_WARN_UNINITIALIZED_AUTOS = YES_AGGRESSIVE;
				GCC_WARN_UNUSED_FUNCTION = YES;
				GCC_WARN_UNUSED_VARIABLE = YES;
				IPHONEOS_DEPLOYMENT_TARGET = 13.0;
				MTL_ENABLE_DEBUG_INFO = NO;
				MTL_FAST_MATH = YES;
				SDKROOT = iphoneos;
				SWIFT_COMPILATION_MODE = wholemodule;
				SWIFT_OPTIMIZATION_LEVEL = "-O";
				VALIDATE_PRODUCT = YES;
			};
			name = Release;
		};
		19C7A52C280DECD3005000EB /* Debug */ = {
			isa = XCBuildConfiguration;
			buildSettings = {
				ASSETCATALOG_COMPILER_APPICON_NAME = AppIcon;
				ASSETCATALOG_COMPILER_GLOBAL_ACCENT_COLOR_NAME = AccentColor;
				CODE_SIGN_STYLE = Automatic;
				CURRENT_PROJECT_VERSION = 1;
				DEVELOPMENT_TEAM = A3C42PATAF;
				GENERATE_INFOPLIST_FILE = YES;
				INFOPLIST_FILE = fmh/Resources/Info.plist;
				INFOPLIST_KEY_LSApplicationCategoryType = "public.app-category.medical";
				INFOPLIST_KEY_UIApplicationSupportsIndirectInputEvents = YES;
				INFOPLIST_KEY_UILaunchStoryboardName = LaunchScreen.storyboard;
				INFOPLIST_KEY_UISupportedInterfaceOrientations = UIInterfaceOrientationPortrait;
				INFOPLIST_KEY_UISupportedInterfaceOrientations_iPhone = UIInterfaceOrientationPortrait;
				IPHONEOS_DEPLOYMENT_TARGET = 13.0;
				LD_RUNPATH_SEARCH_PATHS = (
					"$(inherited)",
					"@executable_path/Frameworks",
				);
				MARKETING_VERSION = 1.0;
				PRODUCT_BUNDLE_IDENTIFIER = org.vhospice.fmh;
				PRODUCT_NAME = "$(TARGET_NAME)";
				SWIFT_EMIT_LOC_STRINGS = YES;
				SWIFT_VERSION = 5.0;
				TARGETED_DEVICE_FAMILY = 1;
			};
			name = Debug;
		};
		19C7A52D280DECD3005000EB /* Release */ = {
			isa = XCBuildConfiguration;
			buildSettings = {
				ASSETCATALOG_COMPILER_APPICON_NAME = AppIcon;
				ASSETCATALOG_COMPILER_GLOBAL_ACCENT_COLOR_NAME = AccentColor;
				CODE_SIGN_STYLE = Automatic;
				CURRENT_PROJECT_VERSION = 1;
				DEVELOPMENT_TEAM = A3C42PATAF;
				GENERATE_INFOPLIST_FILE = YES;
				INFOPLIST_FILE = fmh/Resources/Info.plist;
				INFOPLIST_KEY_LSApplicationCategoryType = "public.app-category.medical";
				INFOPLIST_KEY_UIApplicationSupportsIndirectInputEvents = YES;
				INFOPLIST_KEY_UILaunchStoryboardName = LaunchScreen.storyboard;
				INFOPLIST_KEY_UISupportedInterfaceOrientations = UIInterfaceOrientationPortrait;
				INFOPLIST_KEY_UISupportedInterfaceOrientations_iPhone = UIInterfaceOrientationPortrait;
				IPHONEOS_DEPLOYMENT_TARGET = 13.0;
				LD_RUNPATH_SEARCH_PATHS = (
					"$(inherited)",
					"@executable_path/Frameworks",
				);
				MARKETING_VERSION = 1.0;
				PRODUCT_BUNDLE_IDENTIFIER = org.vhospice.fmh;
				PRODUCT_NAME = "$(TARGET_NAME)";
				SWIFT_EMIT_LOC_STRINGS = YES;
				SWIFT_VERSION = 5.0;
				TARGETED_DEVICE_FAMILY = 1;
			};
			name = Release;
		};
/* End XCBuildConfiguration section */

/* Begin XCConfigurationList section */
		19C7A512280DECD0005000EB /* Build configuration list for PBXProject "fmh" */ = {
			isa = XCConfigurationList;
			buildConfigurations = (
				19C7A529280DECD3005000EB /* Debug */,
				19C7A52A280DECD3005000EB /* Release */,
			);
			defaultConfigurationIsVisible = 0;
			defaultConfigurationName = Release;
		};
		19C7A52B280DECD3005000EB /* Build configuration list for PBXNativeTarget "fmh" */ = {
			isa = XCConfigurationList;
			buildConfigurations = (
				19C7A52C280DECD3005000EB /* Debug */,
				19C7A52D280DECD3005000EB /* Release */,
			);
			defaultConfigurationIsVisible = 0;
			defaultConfigurationName = Release;
		};
/* End XCConfigurationList section */

/* Begin XCSwiftPackageProductDependency section */
		19CFB1F12AB38C370067E4AC /* Features */ = {
			isa = XCSwiftPackageProductDependency;
			productName = Features;
		};
/* End XCSwiftPackageProductDependency section */
	};
	rootObject = 19C7A50F280DECD0005000EB /* Project object */;
}
