// !$*UTF8*$!
{
	archiveVersion = 1;
	classes = {
	};
	objectVersion = 54;
	objects = {

/* Begin PBXBuildFile section */
		190F775D293CF9910088A863 /* Helpers.swift in Sources */ = {isa = PBXBuildFile; fileRef = 190F775C293CF9910088A863 /* Helpers.swift */; };
		190F775F293F9C4F0088A863 /* APIService.swift in Sources */ = {isa = PBXBuildFile; fileRef = 190F775E293F9C4F0088A863 /* APIService.swift */; };
		190F776329410C650088A863 /* APIClient_.swift in Sources */ = {isa = PBXBuildFile; fileRef = 190F776229410C650088A863 /* APIClient_.swift */; };
		195629A12842A63C00C8A704 /* Contributors in Resources */ = {isa = PBXBuildFile; fileRef = 195629A02842A63C00C8A704 /* Contributors */; };
		1994BA22285F7EEF0019AB4A /* Sources in Resources */ = {isa = PBXBuildFile; fileRef = 1994BA21285F7EEF0019AB4A /* Sources */; };
		19C7A51B280DECD0005000EB /* AppDelegate.swift in Sources */ = {isa = PBXBuildFile; fileRef = 19C7A51A280DECD0005000EB /* AppDelegate.swift */; };
		19C7A51D280DECD0005000EB /* SceneDelegate.swift in Sources */ = {isa = PBXBuildFile; fileRef = 19C7A51C280DECD0005000EB /* SceneDelegate.swift */; };
		19C7A524280DECD3005000EB /* Assets.xcassets in Resources */ = {isa = PBXBuildFile; fileRef = 19C7A523280DECD3005000EB /* Assets.xcassets */; };
		19C7A527280DECD3005000EB /* LaunchScreen.storyboard in Resources */ = {isa = PBXBuildFile; fileRef = 19C7A525280DECD3005000EB /* LaunchScreen.storyboard */; };
		19C7A52F280DED24005000EB /* ProjectDiscription in Resources */ = {isa = PBXBuildFile; fileRef = 19C7A52E280DED24005000EB /* ProjectDiscription */; };
		19C7A531280DED3B005000EB /* Guidelines in Resources */ = {isa = PBXBuildFile; fileRef = 19C7A530280DED3B005000EB /* Guidelines */; };
		19EB70AE292E820800DB8F21 /* README.md in Resources */ = {isa = PBXBuildFile; fileRef = 19EB70AD292E820800DB8F21 /* README.md */; };
		19EB70B0292E821700DB8F21 /* LICENSE in Resources */ = {isa = PBXBuildFile; fileRef = 19EB70AF292E821700DB8F21 /* LICENSE */; };
		19EB70B5292E850C00DB8F21 /* AppSettings.plist in Resources */ = {isa = PBXBuildFile; fileRef = 19EB70B4292E850C00DB8F21 /* AppSettings.plist */; };
		19EB70BA292E8B6C00DB8F21 /* Helper.swift in Sources */ = {isa = PBXBuildFile; fileRef = 19EB70B9292E8B6C00DB8F21 /* Helper.swift */; };
		19EB70BD292E8BB200DB8F21 /* Helper.Core.Plist.swift in Sources */ = {isa = PBXBuildFile; fileRef = 19EB70BC292E8BB200DB8F21 /* Helper.Core.Plist.swift */; };
		19EB70BF292E8C4F00DB8F21 /* Helper.Core.KeyChain.swift in Sources */ = {isa = PBXBuildFile; fileRef = 19EB70BE292E8C4F00DB8F21 /* Helper.Core.KeyChain.swift */; };
		19EB70C1292E8EC400DB8F21 /* BaseCoordinator.swift in Sources */ = {isa = PBXBuildFile; fileRef = 19EB70C0292E8EC400DB8F21 /* BaseCoordinator.swift */; };
		19EB70C3292E9A5400DB8F21 /* AuthCoordinator.swift in Sources */ = {isa = PBXBuildFile; fileRef = 19EB70C2292E9A5400DB8F21 /* AuthCoordinator.swift */; };
		19EB70C5292EADC800DB8F21 /* AppCoordinator.swift in Sources */ = {isa = PBXBuildFile; fileRef = 19EB70C4292EADC800DB8F21 /* AppCoordinator.swift */; };
		19EB70C7292FDA8900DB8F21 /* GeneralCoordinator.swift in Sources */ = {isa = PBXBuildFile; fileRef = 19EB70C6292FDA8900DB8F21 /* GeneralCoordinator.swift */; };
		19EB70CE2932389000DB8F21 /* Router.swift in Sources */ = {isa = PBXBuildFile; fileRef = 19EB70CD2932389000DB8F21 /* Router.swift */; };
		19EB70DC29324A0A00DB8F21 /* ScreenFactory.swift in Sources */ = {isa = PBXBuildFile; fileRef = 19EB70DB29324A0A00DB8F21 /* ScreenFactory.swift */; };
		19EB70DE29324B9300DB8F21 /* ScreenFactory+Auth.swift in Sources */ = {isa = PBXBuildFile; fileRef = 19EB70DD29324B9300DB8F21 /* ScreenFactory+Auth.swift */; };
		19EB70E0293250BB00DB8F21 /* ScreenFactory+General.swift in Sources */ = {isa = PBXBuildFile; fileRef = 19EB70DF293250BB00DB8F21 /* ScreenFactory+General.swift */; };
		19EB70E229328ECF00DB8F21 /* BaseViewController.swift in Sources */ = {isa = PBXBuildFile; fileRef = 19EB70E129328ECF00DB8F21 /* BaseViewController.swift */; };
		19EB70E92932991E00DB8F21 /* LoadingCoordinator.swift in Sources */ = {isa = PBXBuildFile; fileRef = 19EB70E82932991E00DB8F21 /* LoadingCoordinator.swift */; };
		19EB70EB29329E6300DB8F21 /* ScreenFactory+Loading.swift in Sources */ = {isa = PBXBuildFile; fileRef = 19EB70EA29329E6300DB8F21 /* ScreenFactory+Loading.swift */; };
		19EB70F22932A35500DB8F21 /* LoadingViewController.swift in Sources */ = {isa = PBXBuildFile; fileRef = 19EB70F12932A35500DB8F21 /* LoadingViewController.swift */; };
		19FC00D72932B8E0000F6A4A /* LoadingViewController+Data.swift in Sources */ = {isa = PBXBuildFile; fileRef = 19FC00D62932B8E0000F6A4A /* LoadingViewController+Data.swift */; };
		19FC00E129386341000F6A4A /* URLRequest+init.swift in Sources */ = {isa = PBXBuildFile; fileRef = 19FC00E029386341000F6A4A /* URLRequest+init.swift */; };
/* End PBXBuildFile section */

/* Begin PBXFileReference section */
		190F775C293CF9910088A863 /* Helpers.swift */ = {isa = PBXFileReference; lastKnownFileType = sourcecode.swift; path = Helpers.swift; sourceTree = "<group>"; };
		190F775E293F9C4F0088A863 /* APIService.swift */ = {isa = PBXFileReference; lastKnownFileType = sourcecode.swift; path = APIService.swift; sourceTree = "<group>"; };
		190F776229410C650088A863 /* APIClient_.swift */ = {isa = PBXFileReference; lastKnownFileType = sourcecode.swift; path = APIClient_.swift; sourceTree = "<group>"; };
		195629A02842A63C00C8A704 /* Contributors */ = {isa = PBXFileReference; lastKnownFileType = text; path = Contributors; sourceTree = "<group>"; };
		1994BA21285F7EEF0019AB4A /* Sources */ = {isa = PBXFileReference; lastKnownFileType = text; path = Sources; sourceTree = "<group>"; };
		19C7A517280DECD0005000EB /* fmh.app */ = {isa = PBXFileReference; explicitFileType = wrapper.application; includeInIndex = 0; path = fmh.app; sourceTree = BUILT_PRODUCTS_DIR; };
		19C7A51A280DECD0005000EB /* AppDelegate.swift */ = {isa = PBXFileReference; lastKnownFileType = sourcecode.swift; path = AppDelegate.swift; sourceTree = "<group>"; };
		19C7A51C280DECD0005000EB /* SceneDelegate.swift */ = {isa = PBXFileReference; lastKnownFileType = sourcecode.swift; path = SceneDelegate.swift; sourceTree = "<group>"; };
		19C7A523280DECD3005000EB /* Assets.xcassets */ = {isa = PBXFileReference; lastKnownFileType = folder.assetcatalog; path = Assets.xcassets; sourceTree = "<group>"; };
		19C7A526280DECD3005000EB /* Base */ = {isa = PBXFileReference; lastKnownFileType = file.storyboard; name = Base; path = Base.lproj/LaunchScreen.storyboard; sourceTree = "<group>"; };
		19C7A52E280DED24005000EB /* ProjectDiscription */ = {isa = PBXFileReference; lastKnownFileType = text; path = ProjectDiscription; sourceTree = "<group>"; };
		19C7A530280DED3B005000EB /* Guidelines */ = {isa = PBXFileReference; lastKnownFileType = text; path = Guidelines; sourceTree = "<group>"; };
		19EB70AD292E820800DB8F21 /* README.md */ = {isa = PBXFileReference; fileEncoding = 4; lastKnownFileType = net.daringfireball.markdown; path = README.md; sourceTree = "<group>"; };
		19EB70AF292E821700DB8F21 /* LICENSE */ = {isa = PBXFileReference; fileEncoding = 4; lastKnownFileType = text; path = LICENSE; sourceTree = "<group>"; };
		19EB70B2292E841900DB8F21 /* Info.plist */ = {isa = PBXFileReference; fileEncoding = 4; lastKnownFileType = text.plist.xml; name = Info.plist; path = fmh/Application/Info.plist; sourceTree = SOURCE_ROOT; };
		19EB70B4292E850C00DB8F21 /* AppSettings.plist */ = {isa = PBXFileReference; fileEncoding = 4; lastKnownFileType = text.plist.xml; path = AppSettings.plist; sourceTree = "<group>"; };
		19EB70B9292E8B6C00DB8F21 /* Helper.swift */ = {isa = PBXFileReference; lastKnownFileType = sourcecode.swift; path = Helper.swift; sourceTree = "<group>"; };
		19EB70BC292E8BB200DB8F21 /* Helper.Core.Plist.swift */ = {isa = PBXFileReference; lastKnownFileType = sourcecode.swift; path = Helper.Core.Plist.swift; sourceTree = "<group>"; };
		19EB70BE292E8C4F00DB8F21 /* Helper.Core.KeyChain.swift */ = {isa = PBXFileReference; lastKnownFileType = sourcecode.swift; path = Helper.Core.KeyChain.swift; sourceTree = "<group>"; };
		19EB70C0292E8EC400DB8F21 /* BaseCoordinator.swift */ = {isa = PBXFileReference; lastKnownFileType = sourcecode.swift; path = BaseCoordinator.swift; sourceTree = "<group>"; };
		19EB70C2292E9A5400DB8F21 /* AuthCoordinator.swift */ = {isa = PBXFileReference; lastKnownFileType = sourcecode.swift; path = AuthCoordinator.swift; sourceTree = "<group>"; };
		19EB70C4292EADC800DB8F21 /* AppCoordinator.swift */ = {isa = PBXFileReference; lastKnownFileType = sourcecode.swift; path = AppCoordinator.swift; sourceTree = "<group>"; };
		19EB70C6292FDA8900DB8F21 /* GeneralCoordinator.swift */ = {isa = PBXFileReference; lastKnownFileType = sourcecode.swift; path = GeneralCoordinator.swift; sourceTree = "<group>"; };
		19EB70CD2932389000DB8F21 /* Router.swift */ = {isa = PBXFileReference; lastKnownFileType = sourcecode.swift; path = Router.swift; sourceTree = "<group>"; };
		19EB70DB29324A0A00DB8F21 /* ScreenFactory.swift */ = {isa = PBXFileReference; lastKnownFileType = sourcecode.swift; path = ScreenFactory.swift; sourceTree = "<group>"; };
		19EB70DD29324B9300DB8F21 /* ScreenFactory+Auth.swift */ = {isa = PBXFileReference; lastKnownFileType = sourcecode.swift; path = "ScreenFactory+Auth.swift"; sourceTree = "<group>"; };
		19EB70DF293250BB00DB8F21 /* ScreenFactory+General.swift */ = {isa = PBXFileReference; lastKnownFileType = sourcecode.swift; path = "ScreenFactory+General.swift"; sourceTree = "<group>"; };
		19EB70E129328ECF00DB8F21 /* BaseViewController.swift */ = {isa = PBXFileReference; lastKnownFileType = sourcecode.swift; path = BaseViewController.swift; sourceTree = "<group>"; };
		19EB70E82932991E00DB8F21 /* LoadingCoordinator.swift */ = {isa = PBXFileReference; lastKnownFileType = sourcecode.swift; path = LoadingCoordinator.swift; sourceTree = "<group>"; };
		19EB70EA29329E6300DB8F21 /* ScreenFactory+Loading.swift */ = {isa = PBXFileReference; lastKnownFileType = sourcecode.swift; path = "ScreenFactory+Loading.swift"; sourceTree = "<group>"; };
		19EB70F12932A35500DB8F21 /* LoadingViewController.swift */ = {isa = PBXFileReference; lastKnownFileType = sourcecode.swift; path = LoadingViewController.swift; sourceTree = "<group>"; };
		19FC00D62932B8E0000F6A4A /* LoadingViewController+Data.swift */ = {isa = PBXFileReference; lastKnownFileType = sourcecode.swift; path = "LoadingViewController+Data.swift"; sourceTree = "<group>"; };
		19FC00E029386341000F6A4A /* URLRequest+init.swift */ = {isa = PBXFileReference; lastKnownFileType = sourcecode.swift; path = "URLRequest+init.swift"; sourceTree = "<group>"; };
/* End PBXFileReference section */

/* Begin PBXFrameworksBuildPhase section */
		19C7A514280DECD0005000EB /* Frameworks */ = {
			isa = PBXFrameworksBuildPhase;
			buildActionMask = 2147483647;
			files = (
			);
			runOnlyForDeploymentPostprocessing = 0;
		};
/* End PBXFrameworksBuildPhase section */

/* Begin PBXGroup section */
		191EAA6A281BBC50007B1397 /* Service */ = {
			isa = PBXGroup;
			children = (
				190F775E293F9C4F0088A863 /* APIService.swift */,
				19FC00E029386341000F6A4A /* URLRequest+init.swift */,
				190F775C293CF9910088A863 /* Helpers.swift */,
				190F776229410C650088A863 /* APIClient_.swift */,
			);
			path = Service;
			sourceTree = "<group>";
		};
		191EAA71281BD200007B1397 /* DTO */ = {
			isa = PBXGroup;
			children = (
			);
			path = DTO;
			sourceTree = "<group>";
		};
		195629A42843DA6400C8A704 /* Common */ = {
			isa = PBXGroup;
			children = (
				19EB70CC293236EB00DB8F21 /* Base */,
				19EB70E3293291EA00DB8F21 /* Extensions */,
			);
			path = Common;
			sourceTree = "<group>";
		};
		19C7A50E280DECD0005000EB = {
			isa = PBXGroup;
			children = (
				195629A02842A63C00C8A704 /* Contributors */,
				19C7A530280DED3B005000EB /* Guidelines */,
				19C7A52E280DED24005000EB /* ProjectDiscription */,
				1994BA21285F7EEF0019AB4A /* Sources */,
				19EB70AF292E821700DB8F21 /* LICENSE */,
				19EB70AD292E820800DB8F21 /* README.md */,
				19C7A519280DECD0005000EB /* fmh */,
				19C7A518280DECD0005000EB /* Products */,
			);
			sourceTree = "<group>";
		};
		19C7A518280DECD0005000EB /* Products */ = {
			isa = PBXGroup;
			children = (
				19C7A517280DECD0005000EB /* fmh.app */,
			);
			name = Products;
			sourceTree = "<group>";
		};
		19C7A519280DECD0005000EB /* fmh */ = {
			isa = PBXGroup;
			children = (
				19EB70B8292E8B0000DB8F21 /* Helper */,
				19C7A538280DED98005000EB /* Application */,
				19C7A533280DED59005000EB /* API */,
				19C7A535280DED75005000EB /* UI */,
				19C7A539280DF263005000EB /* Resources */,
			);
			path = fmh;
			sourceTree = "<group>";
		};
		19C7A533280DED59005000EB /* API */ = {
			isa = PBXGroup;
			children = (
				191EAA6A281BBC50007B1397 /* Service */,
				191EAA71281BD200007B1397 /* DTO */,
				19EB70B7292E8A0200DB8F21 /* Repository */,
			);
			path = API;
			sourceTree = "<group>";
		};
		19C7A535280DED75005000EB /* UI */ = {
			isa = PBXGroup;
			children = (
				195629A42843DA6400C8A704 /* Common */,
				19EB70B1292E83AE00DB8F21 /* Coordinators */,
				19EB70D8293249C700DB8F21 /* ScreenFactory */,
				19C7A537280DED81005000EB /* Screens */,
			);
			path = UI;
			sourceTree = "<group>";
		};
		19C7A537280DED81005000EB /* Screens */ = {
			isa = PBXGroup;
			children = (
				19EB70EE2932A2AB00DB8F21 /* Loading */,
			);
			path = Screens;
			sourceTree = "<group>";
		};
		19C7A538280DED98005000EB /* Application */ = {
			isa = PBXGroup;
			children = (
				19EB70B4292E850C00DB8F21 /* AppSettings.plist */,
				19EB70B2292E841900DB8F21 /* Info.plist */,
				19C7A51A280DECD0005000EB /* AppDelegate.swift */,
				19C7A51C280DECD0005000EB /* SceneDelegate.swift */,
				19EB70CD2932389000DB8F21 /* Router.swift */,
				19EB70C4292EADC800DB8F21 /* AppCoordinator.swift */,
				19C7A525280DECD3005000EB /* LaunchScreen.storyboard */,
			);
			path = Application;
			sourceTree = "<group>";
		};
		19C7A539280DF263005000EB /* Resources */ = {
			isa = PBXGroup;
			children = (
				19C7A523280DECD3005000EB /* Assets.xcassets */,
			);
			path = Resources;
			sourceTree = "<group>";
		};
		19EB70B1292E83AE00DB8F21 /* Coordinators */ = {
			isa = PBXGroup;
			children = (
				19EB70E82932991E00DB8F21 /* LoadingCoordinator.swift */,
				19EB70C2292E9A5400DB8F21 /* AuthCoordinator.swift */,
				19EB70C6292FDA8900DB8F21 /* GeneralCoordinator.swift */,
			);
			path = Coordinators;
			sourceTree = "<group>";
		};
		19EB70B7292E8A0200DB8F21 /* Repository */ = {
			isa = PBXGroup;
			children = (
			);
			path = Repository;
			sourceTree = "<group>";
		};
		19EB70B8292E8B0000DB8F21 /* Helper */ = {
			isa = PBXGroup;
			children = (
				19EB70B9292E8B6C00DB8F21 /* Helper.swift */,
				19EB70BB292E8B8E00DB8F21 /* Core */,
			);
			path = Helper;
			sourceTree = "<group>";
		};
		19EB70BB292E8B8E00DB8F21 /* Core */ = {
			isa = PBXGroup;
			children = (
				19EB70BC292E8BB200DB8F21 /* Helper.Core.Plist.swift */,
				19EB70BE292E8C4F00DB8F21 /* Helper.Core.KeyChain.swift */,
			);
			path = Core;
			sourceTree = "<group>";
		};
		19EB70CC293236EB00DB8F21 /* Base */ = {
			isa = PBXGroup;
			children = (
				19EB70C0292E8EC400DB8F21 /* BaseCoordinator.swift */,
				19EB70E129328ECF00DB8F21 /* BaseViewController.swift */,
			);
			path = Base;
			sourceTree = "<group>";
		};
		19EB70D8293249C700DB8F21 /* ScreenFactory */ = {
			isa = PBXGroup;
			children = (
				19EB70DB29324A0A00DB8F21 /* ScreenFactory.swift */,
				19EB70EA29329E6300DB8F21 /* ScreenFactory+Loading.swift */,
				19EB70DD29324B9300DB8F21 /* ScreenFactory+Auth.swift */,
				19EB70DF293250BB00DB8F21 /* ScreenFactory+General.swift */,
			);
			path = ScreenFactory;
			sourceTree = "<group>";
		};
		19EB70E3293291EA00DB8F21 /* Extensions */ = {
			isa = PBXGroup;
			children = (
			);
			path = Extensions;
			sourceTree = "<group>";
		};
		19EB70EE2932A2AB00DB8F21 /* Loading */ = {
			isa = PBXGroup;
			children = (
				19EB70F12932A35500DB8F21 /* LoadingViewController.swift */,
				19FC00D62932B8E0000F6A4A /* LoadingViewController+Data.swift */,
			);
			path = Loading;
			sourceTree = "<group>";
		};
/* End PBXGroup section */

/* Begin PBXNativeTarget section */
		19C7A516280DECD0005000EB /* fmh */ = {
			isa = PBXNativeTarget;
			buildConfigurationList = 19C7A52B280DECD3005000EB /* Build configuration list for PBXNativeTarget "fmh" */;
			buildPhases = (
				19C7A513280DECD0005000EB /* Sources */,
				19C7A514280DECD0005000EB /* Frameworks */,
				19C7A515280DECD0005000EB /* Resources */,
			);
			buildRules = (
			);
			dependencies = (
			);
			name = fmh;
			productName = fmh;
			productReference = 19C7A517280DECD0005000EB /* fmh.app */;
			productType = "com.apple.product-type.application";
		};
/* End PBXNativeTarget section */

/* Begin PBXProject section */
		19C7A50F280DECD0005000EB /* Project object */ = {
			isa = PBXProject;
			attributes = {
				BuildIndependentTargetsInParallel = 1;
				LastSwiftUpdateCheck = 1330;
				LastUpgradeCheck = 1330;
				TargetAttributes = {
					19C7A516280DECD0005000EB = {
						CreatedOnToolsVersion = 13.3;
					};
				};
			};
			buildConfigurationList = 19C7A512280DECD0005000EB /* Build configuration list for PBXProject "fmh" */;
			compatibilityVersion = "Xcode 12.0";
			developmentRegion = en;
			hasScannedForEncodings = 0;
			knownRegions = (
				en,
				Base,
			);
			mainGroup = 19C7A50E280DECD0005000EB;
			productRefGroup = 19C7A518280DECD0005000EB /* Products */;
			projectDirPath = "";
			projectRoot = "";
			targets = (
				19C7A516280DECD0005000EB /* fmh */,
			);
		};
/* End PBXProject section */

/* Begin PBXResourcesBuildPhase section */
		19C7A515280DECD0005000EB /* Resources */ = {
			isa = PBXResourcesBuildPhase;
			buildActionMask = 2147483647;
			files = (
				19C7A527280DECD3005000EB /* LaunchScreen.storyboard in Resources */,
				19EB70B5292E850C00DB8F21 /* AppSettings.plist in Resources */,
				195629A12842A63C00C8A704 /* Contributors in Resources */,
				19EB70B0292E821700DB8F21 /* LICENSE in Resources */,
				19C7A524280DECD3005000EB /* Assets.xcassets in Resources */,
				19EB70AE292E820800DB8F21 /* README.md in Resources */,
				1994BA22285F7EEF0019AB4A /* Sources in Resources */,
				19C7A52F280DED24005000EB /* ProjectDiscription in Resources */,
				19C7A531280DED3B005000EB /* Guidelines in Resources */,
			);
			runOnlyForDeploymentPostprocessing = 0;
		};
/* End PBXResourcesBuildPhase section */

/* Begin PBXSourcesBuildPhase section */
		19C7A513280DECD0005000EB /* Sources */ = {
			isa = PBXSourcesBuildPhase;
			buildActionMask = 2147483647;
			files = (
				19EB70BF292E8C4F00DB8F21 /* Helper.Core.KeyChain.swift in Sources */,
				19EB70C1292E8EC400DB8F21 /* BaseCoordinator.swift in Sources */,
				19EB70E0293250BB00DB8F21 /* ScreenFactory+General.swift in Sources */,
				19EB70EB29329E6300DB8F21 /* ScreenFactory+Loading.swift in Sources */,
				19EB70DE29324B9300DB8F21 /* ScreenFactory+Auth.swift in Sources */,
				19EB70E229328ECF00DB8F21 /* BaseViewController.swift in Sources */,
				19FC00D72932B8E0000F6A4A /* LoadingViewController+Data.swift in Sources */,
				19EB70C3292E9A5400DB8F21 /* AuthCoordinator.swift in Sources */,
				19FC00E129386341000F6A4A /* URLRequest+init.swift in Sources */,
				19EB70CE2932389000DB8F21 /* Router.swift in Sources */,
				19EB70F22932A35500DB8F21 /* LoadingViewController.swift in Sources */,
				190F775D293CF9910088A863 /* Helpers.swift in Sources */,
				19EB70DC29324A0A00DB8F21 /* ScreenFactory.swift in Sources */,
				190F776329410C650088A863 /* APIClient_.swift in Sources */,
				19C7A51B280DECD0005000EB /* AppDelegate.swift in Sources */,
				19EB70C7292FDA8900DB8F21 /* GeneralCoordinator.swift in Sources */,
				19EB70C5292EADC800DB8F21 /* AppCoordinator.swift in Sources */,
				19EB70E92932991E00DB8F21 /* LoadingCoordinator.swift in Sources */,
				190F775F293F9C4F0088A863 /* APIService.swift in Sources */,
				19C7A51D280DECD0005000EB /* SceneDelegate.swift in Sources */,
				19EB70BA292E8B6C00DB8F21 /* Helper.swift in Sources */,
				19EB70BD292E8BB200DB8F21 /* Helper.Core.Plist.swift in Sources */,
			);
			runOnlyForDeploymentPostprocessing = 0;
		};
/* End PBXSourcesBuildPhase section */

/* Begin PBXVariantGroup section */
		19C7A525280DECD3005000EB /* LaunchScreen.storyboard */ = {
			isa = PBXVariantGroup;
			children = (
				19C7A526280DECD3005000EB /* Base */,
			);
			name = LaunchScreen.storyboard;
			sourceTree = "<group>";
		};
/* End PBXVariantGroup section */

/* Begin XCBuildConfiguration section */
		19C7A529280DECD3005000EB /* Debug */ = {
			isa = XCBuildConfiguration;
			buildSettings = {
				ALWAYS_SEARCH_USER_PATHS = NO;
				CLANG_ANALYZER_NONNULL = YES;
				CLANG_ANALYZER_NUMBER_OBJECT_CONVERSION = YES_AGGRESSIVE;
				CLANG_CXX_LANGUAGE_STANDARD = "gnu++17";
				CLANG_ENABLE_MODULES = YES;
				CLANG_ENABLE_OBJC_ARC = YES;
				CLANG_ENABLE_OBJC_WEAK = YES;
				CLANG_WARN_BLOCK_CAPTURE_AUTORELEASING = YES;
				CLANG_WARN_BOOL_CONVERSION = YES;
				CLANG_WARN_COMMA = YES;
				CLANG_WARN_CONSTANT_CONVERSION = YES;
				CLANG_WARN_DEPRECATED_OBJC_IMPLEMENTATIONS = YES;
				CLANG_WARN_DIRECT_OBJC_ISA_USAGE = YES_ERROR;
				CLANG_WARN_DOCUMENTATION_COMMENTS = YES;
				CLANG_WARN_EMPTY_BODY = YES;
				CLANG_WARN_ENUM_CONVERSION = YES;
				CLANG_WARN_INFINITE_RECURSION = YES;
				CLANG_WARN_INT_CONVERSION = YES;
				CLANG_WARN_NON_LITERAL_NULL_CONVERSION = YES;
				CLANG_WARN_OBJC_IMPLICIT_RETAIN_SELF = YES;
				CLANG_WARN_OBJC_LITERAL_CONVERSION = YES;
				CLANG_WARN_OBJC_ROOT_CLASS = YES_ERROR;
				CLANG_WARN_QUOTED_INCLUDE_IN_FRAMEWORK_HEADER = YES;
				CLANG_WARN_RANGE_LOOP_ANALYSIS = YES;
				CLANG_WARN_STRICT_PROTOTYPES = YES;
				CLANG_WARN_SUSPICIOUS_MOVE = YES;
				CLANG_WARN_UNGUARDED_AVAILABILITY = YES_AGGRESSIVE;
				CLANG_WARN_UNREACHABLE_CODE = YES;
				CLANG_WARN__DUPLICATE_METHOD_MATCH = YES;
				COPY_PHASE_STRIP = NO;
				DEBUG_INFORMATION_FORMAT = dwarf;
				ENABLE_STRICT_OBJC_MSGSEND = YES;
				ENABLE_TESTABILITY = YES;
				GCC_C_LANGUAGE_STANDARD = gnu11;
				GCC_DYNAMIC_NO_PIC = NO;
				GCC_NO_COMMON_BLOCKS = YES;
				GCC_OPTIMIZATION_LEVEL = 0;
				GCC_PREPROCESSOR_DEFINITIONS = (
					"DEBUG=1",
					"$(inherited)",
				);
				GCC_WARN_64_TO_32_BIT_CONVERSION = YES;
				GCC_WARN_ABOUT_RETURN_TYPE = YES_ERROR;
				GCC_WARN_UNDECLARED_SELECTOR = YES;
				GCC_WARN_UNINITIALIZED_AUTOS = YES_AGGRESSIVE;
				GCC_WARN_UNUSED_FUNCTION = YES;
				GCC_WARN_UNUSED_VARIABLE = YES;
				IPHONEOS_DEPLOYMENT_TARGET = 15.4;
				MTL_ENABLE_DEBUG_INFO = INCLUDE_SOURCE;
				MTL_FAST_MATH = YES;
				ONLY_ACTIVE_ARCH = YES;
				SDKROOT = iphoneos;
				SWIFT_ACTIVE_COMPILATION_CONDITIONS = DEBUG;
				SWIFT_OPTIMIZATION_LEVEL = "-Onone";
			};
			name = Debug;
		};
		19C7A52A280DECD3005000EB /* Release */ = {
			isa = XCBuildConfiguration;
			buildSettings = {
				ALWAYS_SEARCH_USER_PATHS = NO;
				CLANG_ANALYZER_NONNULL = YES;
				CLANG_ANALYZER_NUMBER_OBJECT_CONVERSION = YES_AGGRESSIVE;
				CLANG_CXX_LANGUAGE_STANDARD = "gnu++17";
				CLANG_ENABLE_MODULES = YES;
				CLANG_ENABLE_OBJC_ARC = YES;
				CLANG_ENABLE_OBJC_WEAK = YES;
				CLANG_WARN_BLOCK_CAPTURE_AUTORELEASING = YES;
				CLANG_WARN_BOOL_CONVERSION = YES;
				CLANG_WARN_COMMA = YES;
				CLANG_WARN_CONSTANT_CONVERSION = YES;
				CLANG_WARN_DEPRECATED_OBJC_IMPLEMENTATIONS = YES;
				CLANG_WARN_DIRECT_OBJC_ISA_USAGE = YES_ERROR;
				CLANG_WARN_DOCUMENTATION_COMMENTS = YES;
				CLANG_WARN_EMPTY_BODY = YES;
				CLANG_WARN_ENUM_CONVERSION = YES;
				CLANG_WARN_INFINITE_RECURSION = YES;
				CLANG_WARN_INT_CONVERSION = YES;
				CLANG_WARN_NON_LITERAL_NULL_CONVERSION = YES;
				CLANG_WARN_OBJC_IMPLICIT_RETAIN_SELF = YES;
				CLANG_WARN_OBJC_LITERAL_CONVERSION = YES;
				CLANG_WARN_OBJC_ROOT_CLASS = YES_ERROR;
				CLANG_WARN_QUOTED_INCLUDE_IN_FRAMEWORK_HEADER = YES;
				CLANG_WARN_RANGE_LOOP_ANALYSIS = YES;
				CLANG_WARN_STRICT_PROTOTYPES = YES;
				CLANG_WARN_SUSPICIOUS_MOVE = YES;
				CLANG_WARN_UNGUARDED_AVAILABILITY = YES_AGGRESSIVE;
				CLANG_WARN_UNREACHABLE_CODE = YES;
				CLANG_WARN__DUPLICATE_METHOD_MATCH = YES;
				COPY_PHASE_STRIP = NO;
				DEBUG_INFORMATION_FORMAT = "dwarf-with-dsym";
				ENABLE_NS_ASSERTIONS = NO;
				ENABLE_STRICT_OBJC_MSGSEND = YES;
				GCC_C_LANGUAGE_STANDARD = gnu11;
				GCC_NO_COMMON_BLOCKS = YES;
				GCC_WARN_64_TO_32_BIT_CONVERSION = YES;
				GCC_WARN_ABOUT_RETURN_TYPE = YES_ERROR;
				GCC_WARN_UNDECLARED_SELECTOR = YES;
				GCC_WARN_UNINITIALIZED_AUTOS = YES_AGGRESSIVE;
				GCC_WARN_UNUSED_FUNCTION = YES;
				GCC_WARN_UNUSED_VARIABLE = YES;
				IPHONEOS_DEPLOYMENT_TARGET = 15.4;
				MTL_ENABLE_DEBUG_INFO = NO;
				MTL_FAST_MATH = YES;
				SDKROOT = iphoneos;
				SWIFT_COMPILATION_MODE = wholemodule;
				SWIFT_OPTIMIZATION_LEVEL = "-O";
				VALIDATE_PRODUCT = YES;
			};
			name = Release;
		};
		19C7A52C280DECD3005000EB /* Debug */ = {
			isa = XCBuildConfiguration;
			buildSettings = {
				ASSETCATALOG_COMPILER_APPICON_NAME = AppIcon;
				ASSETCATALOG_COMPILER_GLOBAL_ACCENT_COLOR_NAME = AccentColor;
				CODE_SIGN_STYLE = Automatic;
				CURRENT_PROJECT_VERSION = 1;
				DEVELOPMENT_TEAM = A3C42PATAF;
				GENERATE_INFOPLIST_FILE = YES;
				INFOPLIST_FILE = fmh/Application/Info.plist;
				INFOPLIST_KEY_UIApplicationSupportsIndirectInputEvents = YES;
				INFOPLIST_KEY_UILaunchStoryboardName = LaunchScreen;
				INFOPLIST_KEY_UISupportedInterfaceOrientations = UIInterfaceOrientationPortrait;
				INFOPLIST_KEY_UISupportedInterfaceOrientations_iPhone = UIInterfaceOrientationPortrait;
				IPHONEOS_DEPLOYMENT_TARGET = 13.0;
				LD_RUNPATH_SEARCH_PATHS = (
					"$(inherited)",
					"@executable_path/Frameworks",
				);
				MARKETING_VERSION = 1.0;
				PRODUCT_BUNDLE_IDENTIFIER = org.vhospice.fmh;
				PRODUCT_NAME = "$(TARGET_NAME)";
				SWIFT_EMIT_LOC_STRINGS = YES;
				SWIFT_VERSION = 5.0;
				TARGETED_DEVICE_FAMILY = 1;
			};
			name = Debug;
		};
		19C7A52D280DECD3005000EB /* Release */ = {
			isa = XCBuildConfiguration;
			buildSettings = {
				ASSETCATALOG_COMPILER_APPICON_NAME = AppIcon;
				ASSETCATALOG_COMPILER_GLOBAL_ACCENT_COLOR_NAME = AccentColor;
				CODE_SIGN_STYLE = Automatic;
				CURRENT_PROJECT_VERSION = 1;
				DEVELOPMENT_TEAM = A3C42PATAF;
				GENERATE_INFOPLIST_FILE = YES;
				INFOPLIST_FILE = fmh/Application/Info.plist;
				INFOPLIST_KEY_UIApplicationSupportsIndirectInputEvents = YES;
				INFOPLIST_KEY_UILaunchStoryboardName = LaunchScreen;
				INFOPLIST_KEY_UISupportedInterfaceOrientations = UIInterfaceOrientationPortrait;
				INFOPLIST_KEY_UISupportedInterfaceOrientations_iPhone = UIInterfaceOrientationPortrait;
				IPHONEOS_DEPLOYMENT_TARGET = 13.0;
				LD_RUNPATH_SEARCH_PATHS = (
					"$(inherited)",
					"@executable_path/Frameworks",
				);
				MARKETING_VERSION = 1.0;
				PRODUCT_BUNDLE_IDENTIFIER = org.vhospice.fmh;
				PRODUCT_NAME = "$(TARGET_NAME)";
				SWIFT_EMIT_LOC_STRINGS = YES;
				SWIFT_VERSION = 5.0;
				TARGETED_DEVICE_FAMILY = 1;
			};
			name = Release;
		};
/* End XCBuildConfiguration section */

/* Begin XCConfigurationList section */
		19C7A512280DECD0005000EB /* Build configuration list for PBXProject "fmh" */ = {
			isa = XCConfigurationList;
			buildConfigurations = (
				19C7A529280DECD3005000EB /* Debug */,
				19C7A52A280DECD3005000EB /* Release */,
			);
			defaultConfigurationIsVisible = 0;
			defaultConfigurationName = Release;
		};
		19C7A52B280DECD3005000EB /* Build configuration list for PBXNativeTarget "fmh" */ = {
			isa = XCConfigurationList;
			buildConfigurations = (
				19C7A52C280DECD3005000EB /* Debug */,
				19C7A52D280DECD3005000EB /* Release */,
			);
			defaultConfigurationIsVisible = 0;
			defaultConfigurationName = Release;
		};
/* End XCConfigurationList section */
	};
	rootObject = 19C7A50F280DECD0005000EB /* Project object */;
}
